
Microsoft Visual Studio Solution File, Format Version 12.00
# Visual Studio Version 16
VisualStudioVersion = 16.0.31424.327
MinimumVisualStudioVersion = 10.0.40219.1
Project("{9A19103F-16F7-4668-BE54-9A1E7A4F7556}") = "TicTacToe", "TicTacToe\TicTacToe.csproj", "{A0B25E6F-CFFF-46B0-9D88-E47E04C7EDC1}"
EndProject
Project("{2150E333-8FDC-42A3-9474-1A3956D46DE8}") = "Classes", "Classes", "{14B83D92-07D0-46BD-8B25-71E90AAEFF1A}"
	ProjectSection(SolutionItems) = preProject
		Board.cs = Board.cs
		Game.cs = Game.cs
		Player.cs = Player.cs
		Position.cs = Position.cs
	EndProjectSection
EndProject
Global
	GlobalSection(SolutionConfigurationPlatforms) = preSolution
		Debug|Any CPU = Debug|Any CPU
		Release|Any CPU = Release|Any CPU
	EndGlobalSection
	GlobalSection(ProjectConfigurationPlatforms) = postSolution
		{A0B25E6F-CFFF-46B0-9D88-E47E04C7EDC1}.Debug|Any CPU.ActiveCfg = Debug|Any CPU
		{A0B25E6F-CFFF-46B0-9D88-E47E04C7EDC1}.Debug|Any CPU.Build.0 = Debug|Any CPU
		{A0B25E6F-CFFF-46B0-9D88-E47E04C7EDC1}.Release|Any CPU.ActiveCfg = Release|Any CPU
		{A0B25E6F-CFFF-46B0-9D88-E47E04C7EDC1}.Release|Any CPU.Build.0 = Release|Any CPU
	EndGlobalSection
	GlobalSection(SolutionProperties) = preSolution
		HideSolutionNode = FALSE
	EndGlobalSection
	GlobalSection(ExtensibilityGlobals) = postSolution
		SolutionGuid = {D2E03D16-EB6C-4125-A82E-5A597D4E0619}
	EndGlobalSection
EndGlobal
